
Microsoft Visual Studio Solution File, Format Version 12.00
# Visual Studio Version 17
VisualStudioVersion = 17.14.36518.9 d17.14
MinimumVisualStudioVersion = 10.0.40219.1
Project("{FAE04EC0-301F-11D3-BF4B-00C04F79EFBC}") = "lab8.2.dot", "lab8.2.dot.csproj", "{0F81C5A5-8C55-4548-AC24-22329B84D835}"
EndProject
Global
	GlobalSection(SolutionConfigurationPlatforms) = preSolution
		Debug|Any CPU = Debug|Any CPU
		Release|Any CPU = Release|Any CPU
	EndGlobalSection
	GlobalSection(ProjectConfigurationPlatforms) = postSolution
		{0F81C5A5-8C55-4548-AC24-22329B84D835}.Debug|Any CPU.ActiveCfg = Debug|Any CPU
		{0F81C5A5-8C55-4548-AC24-22329B84D835}.Debug|Any CPU.Build.0 = Debug|Any CPU
		{0F81C5A5-8C55-4548-AC24-22329B84D835}.Release|Any CPU.ActiveCfg = Release|Any CPU
		{0F81C5A5-8C55-4548-AC24-22329B84D835}.Release|Any CPU.Build.0 = Release|Any CPU
	EndGlobalSection
	GlobalSection(SolutionProperties) = preSolution
		HideSolutionNode = FALSE
	EndGlobalSection
	GlobalSection(ExtensibilityGlobals) = postSolution
		SolutionGuid = {9E4F7441-AFAC-4485-8217-F4A26FC3D28C}
	EndGlobalSection
EndGlobal
